
Microsoft Visual Studio Solution File, Format Version 12.00
# Visual Studio Version 16
VisualStudioVersion = 16.0.30621.155
MinimumVisualStudioVersion = 10.0.40219.1
Project("{FAE04EC0-301F-11D3-BF4B-00C04F79EFBC}") = "PatientManagementWebAPI", "PatientManagementWebAPI\PatientManagementWebAPI.csproj", "{EE1C5054-620D-4A29-876B-3FDBD9444C41}"
EndProject
Global
	GlobalSection(SolutionConfigurationPlatforms) = preSolution
		Debug|Any CPU = Debug|Any CPU
		Release|Any CPU = Release|Any CPU
	EndGlobalSection
	GlobalSection(ProjectConfigurationPlatforms) = postSolution
		{EE1C5054-620D-4A29-876B-3FDBD9444C41}.Debug|Any CPU.ActiveCfg = Debug|Any CPU
		{EE1C5054-620D-4A29-876B-3FDBD9444C41}.Debug|Any CPU.Build.0 = Debug|Any CPU
		{EE1C5054-620D-4A29-876B-3FDBD9444C41}.Release|Any CPU.ActiveCfg = Release|Any CPU
		{EE1C5054-620D-4A29-876B-3FDBD9444C41}.Release|Any CPU.Build.0 = Release|Any CPU
	EndGlobalSection
	GlobalSection(SolutionProperties) = preSolution
		HideSolutionNode = FALSE
	EndGlobalSection
	GlobalSection(ExtensibilityGlobals) = postSolution
		SolutionGuid = {365AF698-9A32-4550-824B-39FA690458CD}
	EndGlobalSection
EndGlobal
